// !$*UTF8*$!
{
	archiveVersion = 1;
	classes = {
	};
	objectVersion = 56;
	objects = {

/* Begin PBXBuildFile section */
		4AC59C9F294BA6FD00D44F7B /* SimpleStateTrackingApp.swift in Sources */ = {isa = PBXBuildFile; fileRef = 4AC59C9E294BA6FD00D44F7B /* SimpleStateTrackingApp.swift */; };
		4AC59CA3294BA70300D44F7B /* Assets.xcassets in Resources */ = {isa = PBXBuildFile; fileRef = 4AC59CA2294BA70300D44F7B /* Assets.xcassets */; };
		4AC59CA6294BA70300D44F7B /* Preview Assets.xcassets in Resources */ = {isa = PBXBuildFile; fileRef = 4AC59CA5294BA70300D44F7B /* Preview Assets.xcassets */; };
		4AC59CB0294BA70300D44F7B /* SimpleStateTrackingTests.swift in Sources */ = {isa = PBXBuildFile; fileRef = 4AC59CAF294BA70300D44F7B /* SimpleStateTrackingTests.swift */; };
		4AC59CBA294BA70300D44F7B /* SimpleStateTrackingUITests.swift in Sources */ = {isa = PBXBuildFile; fileRef = 4AC59CB9294BA70300D44F7B /* SimpleStateTrackingUITests.swift */; };
		4AC59CBC294BA70300D44F7B /* SimpleStateTrackingUITestsLaunchTests.swift in Sources */ = {isa = PBXBuildFile; fileRef = 4AC59CBB294BA70300D44F7B /* SimpleStateTrackingUITestsLaunchTests.swift */; };
		4AC59CC9294BA78A00D44F7B /* MainContainerView.swift in Sources */ = {isa = PBXBuildFile; fileRef = 4AC59CC8294BA78900D44F7B /* MainContainerView.swift */; };
		4AC59CCB294BA79F00D44F7B /* UserStats.swift in Sources */ = {isa = PBXBuildFile; fileRef = 4AC59CCA294BA79F00D44F7B /* UserStats.swift */; };
		4AC59CCD294BA7AA00D44F7B /* StatsView.swift in Sources */ = {isa = PBXBuildFile; fileRef = 4AC59CCC294BA7AA00D44F7B /* StatsView.swift */; };
		4AC59CCF294BA7B700D44F7B /* NickNameView.swift in Sources */ = {isa = PBXBuildFile; fileRef = 4AC59CCE294BA7B700D44F7B /* NickNameView.swift */; };
		4AC59CD1294BA7C400D44F7B /* NumberStore.swift in Sources */ = {isa = PBXBuildFile; fileRef = 4AC59CD0294BA7C400D44F7B /* NumberStore.swift */; };
		4AC59CD3294BA7D100D44F7B /* SecretClient.swift in Sources */ = {isa = PBXBuildFile; fileRef = 4AC59CD2294BA7D100D44F7B /* SecretClient.swift */; };
		4AC59CD5294BA7DC00D44F7B /* NumberClient.swift in Sources */ = {isa = PBXBuildFile; fileRef = 4AC59CD4294BA7DB00D44F7B /* NumberClient.swift */; };
		4AC59CD7294BA7E500D44F7B /* NumberView.swift in Sources */ = {isa = PBXBuildFile; fileRef = 4AC59CD6294BA7E500D44F7B /* NumberView.swift */; };
		4AC59CDC294BA86300D44F7B /* ComposableArchitecture in Frameworks */ = {isa = PBXBuildFile; productRef = 4AC59CDB294BA86300D44F7B /* ComposableArchitecture */; };
		4AC59CDE294BA86300D44F7B /* Dependencies in Frameworks */ = {isa = PBXBuildFile; productRef = 4AC59CDD294BA86300D44F7B /* Dependencies */; };
/* End PBXBuildFile section */

/* Begin PBXContainerItemProxy section */
		4AC59CAC294BA70300D44F7B /* PBXContainerItemProxy */ = {
			isa = PBXContainerItemProxy;
			containerPortal = 4AC59C93294BA6FD00D44F7B /* Project object */;
			proxyType = 1;
			remoteGlobalIDString = 4AC59C9A294BA6FD00D44F7B;
			remoteInfo = SimpleStateTracking;
		};
		4AC59CB6294BA70300D44F7B /* PBXContainerItemProxy */ = {
			isa = PBXContainerItemProxy;
			containerPortal = 4AC59C93294BA6FD00D44F7B /* Project object */;
			proxyType = 1;
			remoteGlobalIDString = 4AC59C9A294BA6FD00D44F7B;
			remoteInfo = SimpleStateTracking;
		};
/* End PBXContainerItemProxy section */

/* Begin PBXFileReference section */
		4AC59C9B294BA6FD00D44F7B /* SimpleStateTracking.app */ = {isa = PBXFileReference; explicitFileType = wrapper.application; includeInIndex = 0; path = SimpleStateTracking.app; sourceTree = BUILT_PRODUCTS_DIR; };
		4AC59C9E294BA6FD00D44F7B /* SimpleStateTrackingApp.swift */ = {isa = PBXFileReference; lastKnownFileType = sourcecode.swift; path = SimpleStateTrackingApp.swift; sourceTree = "<group>"; };
		4AC59CA2294BA70300D44F7B /* Assets.xcassets */ = {isa = PBXFileReference; lastKnownFileType = folder.assetcatalog; path = Assets.xcassets; sourceTree = "<group>"; };
		4AC59CA5294BA70300D44F7B /* Preview Assets.xcassets */ = {isa = PBXFileReference; lastKnownFileType = folder.assetcatalog; path = "Preview Assets.xcassets"; sourceTree = "<group>"; };
		4AC59CAB294BA70300D44F7B /* SimpleStateTrackingTests.xctest */ = {isa = PBXFileReference; explicitFileType = wrapper.cfbundle; includeInIndex = 0; path = SimpleStateTrackingTests.xctest; sourceTree = BUILT_PRODUCTS_DIR; };
		4AC59CAF294BA70300D44F7B /* SimpleStateTrackingTests.swift */ = {isa = PBXFileReference; lastKnownFileType = sourcecode.swift; path = SimpleStateTrackingTests.swift; sourceTree = "<group>"; };
		4AC59CB5294BA70300D44F7B /* SimpleStateTrackingUITests.xctest */ = {isa = PBXFileReference; explicitFileType = wrapper.cfbundle; includeInIndex = 0; path = SimpleStateTrackingUITests.xctest; sourceTree = BUILT_PRODUCTS_DIR; };
		4AC59CB9294BA70300D44F7B /* SimpleStateTrackingUITests.swift */ = {isa = PBXFileReference; lastKnownFileType = sourcecode.swift; path = SimpleStateTrackingUITests.swift; sourceTree = "<group>"; };
		4AC59CBB294BA70300D44F7B /* SimpleStateTrackingUITestsLaunchTests.swift */ = {isa = PBXFileReference; lastKnownFileType = sourcecode.swift; path = SimpleStateTrackingUITestsLaunchTests.swift; sourceTree = "<group>"; };
		4AC59CC8294BA78900D44F7B /* MainContainerView.swift */ = {isa = PBXFileReference; fileEncoding = 4; lastKnownFileType = sourcecode.swift; path = MainContainerView.swift; sourceTree = "<group>"; };
		4AC59CCA294BA79F00D44F7B /* UserStats.swift */ = {isa = PBXFileReference; fileEncoding = 4; lastKnownFileType = sourcecode.swift; path = UserStats.swift; sourceTree = "<group>"; };
		4AC59CCC294BA7AA00D44F7B /* StatsView.swift */ = {isa = PBXFileReference; fileEncoding = 4; lastKnownFileType = sourcecode.swift; path = StatsView.swift; sourceTree = "<group>"; };
		4AC59CCE294BA7B700D44F7B /* NickNameView.swift */ = {isa = PBXFileReference; fileEncoding = 4; lastKnownFileType = sourcecode.swift; path = NickNameView.swift; sourceTree = "<group>"; };
		4AC59CD0294BA7C400D44F7B /* NumberStore.swift */ = {isa = PBXFileReference; fileEncoding = 4; lastKnownFileType = sourcecode.swift; path = NumberStore.swift; sourceTree = "<group>"; };
		4AC59CD2294BA7D100D44F7B /* SecretClient.swift */ = {isa = PBXFileReference; fileEncoding = 4; lastKnownFileType = sourcecode.swift; path = SecretClient.swift; sourceTree = "<group>"; };
		4AC59CD4294BA7DB00D44F7B /* NumberClient.swift */ = {isa = PBXFileReference; fileEncoding = 4; lastKnownFileType = sourcecode.swift; path = NumberClient.swift; sourceTree = "<group>"; };
		4AC59CD6294BA7E500D44F7B /* NumberView.swift */ = {isa = PBXFileReference; fileEncoding = 4; lastKnownFileType = sourcecode.swift; path = NumberView.swift; sourceTree = "<group>"; };
		4AC59CDF294BA97F00D44F7B /* Info.plist */ = {isa = PBXFileReference; lastKnownFileType = text.plist; path = Info.plist; sourceTree = "<group>"; };
/* End PBXFileReference section */

/* Begin PBXFrameworksBuildPhase section */
		4AC59C98294BA6FD00D44F7B /* Frameworks */ = {
			isa = PBXFrameworksBuildPhase;
			buildActionMask = 2147483647;
			files = (
				4AC59CDC294BA86300D44F7B /* ComposableArchitecture in Frameworks */,
				4AC59CDE294BA86300D44F7B /* Dependencies in Frameworks */,
			);
			runOnlyForDeploymentPostprocessing = 0;
		};
		4AC59CA8294BA70300D44F7B /* Frameworks */ = {
			isa = PBXFrameworksBuildPhase;
			buildActionMask = 2147483647;
			files = (
			);
			runOnlyForDeploymentPostprocessing = 0;
		};
		4AC59CB2294BA70300D44F7B /* Frameworks */ = {
			isa = PBXFrameworksBuildPhase;
			buildActionMask = 2147483647;
			files = (
			);
			runOnlyForDeploymentPostprocessing = 0;
		};
/* End PBXFrameworksBuildPhase section */

/* Begin PBXGroup section */
		4AC59C92294BA6FD00D44F7B = {
			isa = PBXGroup;
			children = (
				4AC59C9D294BA6FD00D44F7B /* SimpleStateTracking */,
				4AC59CAE294BA70300D44F7B /* SimpleStateTrackingTests */,
				4AC59CB8294BA70300D44F7B /* SimpleStateTrackingUITests */,
				4AC59C9C294BA6FD00D44F7B /* Products */,
			);
			sourceTree = "<group>";
		};
		4AC59C9C294BA6FD00D44F7B /* Products */ = {
			isa = PBXGroup;
			children = (
				4AC59C9B294BA6FD00D44F7B /* SimpleStateTracking.app */,
				4AC59CAB294BA70300D44F7B /* SimpleStateTrackingTests.xctest */,
				4AC59CB5294BA70300D44F7B /* SimpleStateTrackingUITests.xctest */,
			);
			name = Products;
			sourceTree = "<group>";
		};
		4AC59C9D294BA6FD00D44F7B /* SimpleStateTracking */ = {
			isa = PBXGroup;
			children = (
				4AC59CDF294BA97F00D44F7B /* Info.plist */,
				4AC59C9E294BA6FD00D44F7B /* SimpleStateTrackingApp.swift */,
				4AC59CC8294BA78900D44F7B /* MainContainerView.swift */,
				4AF7D004294BAB9F0095B8C0 /* Number */,
				4AF7D005294BABB20095B8C0 /* Name */,
				4AC59CE0294BAAE300D44F7B /* Dependencies */,
				4AF7D003294BAB880095B8C0 /* UserStats */,
				4AC59CA2294BA70300D44F7B /* Assets.xcassets */,
				4AC59CA4294BA70300D44F7B /* Preview Content */,
			);
			path = SimpleStateTracking;
			sourceTree = "<group>";
		};
		4AC59CA4294BA70300D44F7B /* Preview Content */ = {
			isa = PBXGroup;
			children = (
				4AC59CA5294BA70300D44F7B /* Preview Assets.xcassets */,
			);
			path = "Preview Content";
			sourceTree = "<group>";
		};
		4AC59CAE294BA70300D44F7B /* SimpleStateTrackingTests */ = {
			isa = PBXGroup;
			children = (
				4AC59CAF294BA70300D44F7B /* SimpleStateTrackingTests.swift */,
			);
			path = SimpleStateTrackingTests;
			sourceTree = "<group>";
		};
		4AC59CB8294BA70300D44F7B /* SimpleStateTrackingUITests */ = {
			isa = PBXGroup;
			children = (
				4AC59CB9294BA70300D44F7B /* SimpleStateTrackingUITests.swift */,
				4AC59CBB294BA70300D44F7B /* SimpleStateTrackingUITestsLaunchTests.swift */,
			);
			path = SimpleStateTrackingUITests;
			sourceTree = "<group>";
		};
		4AC59CE0294BAAE300D44F7B /* Dependencies */ = {
			isa = PBXGroup;
			children = (
				4AC59CD4294BA7DB00D44F7B /* NumberClient.swift */,
				4AC59CD2294BA7D100D44F7B /* SecretClient.swift */,
			);
			path = Dependencies;
			sourceTree = "<group>";
		};
		4AF7D003294BAB880095B8C0 /* UserStats */ = {
			isa = PBXGroup;
			children = (
				4AC59CCA294BA79F00D44F7B /* UserStats.swift */,
				4AC59CCC294BA7AA00D44F7B /* StatsView.swift */,
			);
			path = UserStats;
			sourceTree = "<group>";
		};
		4AF7D004294BAB9F0095B8C0 /* Number */ = {
			isa = PBXGroup;
			children = (
				4AC59CD0294BA7C400D44F7B /* NumberStore.swift */,
				4AC59CD6294BA7E500D44F7B /* NumberView.swift */,
			);
			path = Number;
			sourceTree = "<group>";
		};
		4AF7D005294BABB20095B8C0 /* Name */ = {
			isa = PBXGroup;
			children = (
				4AC59CCE294BA7B700D44F7B /* NickNameView.swift */,
			);
			path = Name;
			sourceTree = "<group>";
		};
/* End PBXGroup section */

/* Begin PBXNativeTarget section */
		4AC59C9A294BA6FD00D44F7B /* SimpleStateTracking */ = {
			isa = PBXNativeTarget;
			buildConfigurationList = 4AC59CBF294BA70300D44F7B /* Build configuration list for PBXNativeTarget "SimpleStateTracking" */;
			buildPhases = (
				4AC59C97294BA6FD00D44F7B /* Sources */,
				4AC59C98294BA6FD00D44F7B /* Frameworks */,
				4AC59C99294BA6FD00D44F7B /* Resources */,
			);
			buildRules = (
			);
			dependencies = (
			);
			name = SimpleStateTracking;
			packageProductDependencies = (
				4AC59CDB294BA86300D44F7B /* ComposableArchitecture */,
				4AC59CDD294BA86300D44F7B /* Dependencies */,
			);
			productName = SimpleStateTracking;
			productReference = 4AC59C9B294BA6FD00D44F7B /* SimpleStateTracking.app */;
			productType = "com.apple.product-type.application";
		};
		4AC59CAA294BA70300D44F7B /* SimpleStateTrackingTests */ = {
			isa = PBXNativeTarget;
			buildConfigurationList = 4AC59CC2294BA70300D44F7B /* Build configuration list for PBXNativeTarget "SimpleStateTrackingTests" */;
			buildPhases = (
				4AC59CA7294BA70300D44F7B /* Sources */,
				4AC59CA8294BA70300D44F7B /* Frameworks */,
				4AC59CA9294BA70300D44F7B /* Resources */,
			);
			buildRules = (
			);
			dependencies = (
				4AC59CAD294BA70300D44F7B /* PBXTargetDependency */,
			);
			name = SimpleStateTrackingTests;
			productName = SimpleStateTrackingTests;
			productReference = 4AC59CAB294BA70300D44F7B /* SimpleStateTrackingTests.xctest */;
			productType = "com.apple.product-type.bundle.unit-test";
		};
		4AC59CB4294BA70300D44F7B /* SimpleStateTrackingUITests */ = {
			isa = PBXNativeTarget;
			buildConfigurationList = 4AC59CC5294BA70300D44F7B /* Build configuration list for PBXNativeTarget "SimpleStateTrackingUITests" */;
			buildPhases = (
				4AC59CB1294BA70300D44F7B /* Sources */,
				4AC59CB2294BA70300D44F7B /* Frameworks */,
				4AC59CB3294BA70300D44F7B /* Resources */,
			);
			buildRules = (
			);
			dependencies = (
				4AC59CB7294BA70300D44F7B /* PBXTargetDependency */,
			);
			name = SimpleStateTrackingUITests;
			productName = SimpleStateTrackingUITests;
			productReference = 4AC59CB5294BA70300D44F7B /* SimpleStateTrackingUITests.xctest */;
			productType = "com.apple.product-type.bundle.ui-testing";
		};
/* End PBXNativeTarget section */

/* Begin PBXProject section */
		4AC59C93294BA6FD00D44F7B /* Project object */ = {
			isa = PBXProject;
			attributes = {
				BuildIndependentTargetsInParallel = 1;
				LastSwiftUpdateCheck = 1400;
				LastUpgradeCheck = 1400;
				TargetAttributes = {
					4AC59C9A294BA6FD00D44F7B = {
						CreatedOnToolsVersion = 14.0.1;
					};
					4AC59CAA294BA70300D44F7B = {
						CreatedOnToolsVersion = 14.0.1;
						TestTargetID = 4AC59C9A294BA6FD00D44F7B;
					};
					4AC59CB4294BA70300D44F7B = {
						CreatedOnToolsVersion = 14.0.1;
						TestTargetID = 4AC59C9A294BA6FD00D44F7B;
					};
				};
			};
			buildConfigurationList = 4AC59C96294BA6FD00D44F7B /* Build configuration list for PBXProject "SimpleStateTracking" */;
			compatibilityVersion = "Xcode 14.0";
			developmentRegion = en;
			hasScannedForEncodings = 0;
			knownRegions = (
				en,
				Base,
			);
			mainGroup = 4AC59C92294BA6FD00D44F7B;
			packageReferences = (
				4AC59CDA294BA86300D44F7B /* XCRemoteSwiftPackageReference "swift-composable-architecture" */,
			);
			productRefGroup = 4AC59C9C294BA6FD00D44F7B /* Products */;
			projectDirPath = "";
			projectRoot = "";
			targets = (
				4AC59C9A294BA6FD00D44F7B /* SimpleStateTracking */,
				4AC59CAA294BA70300D44F7B /* SimpleStateTrackingTests */,
				4AC59CB4294BA70300D44F7B /* SimpleStateTrackingUITests */,
			);
		};
/* End PBXProject section */

/* Begin PBXResourcesBuildPhase section */
		4AC59C99294BA6FD00D44F7B /* Resources */ = {
			isa = PBXResourcesBuildPhase;
			buildActionMask = 2147483647;
			files = (
				4AC59CA6294BA70300D44F7B /* Preview Assets.xcassets in Resources */,
				4AC59CA3294BA70300D44F7B /* Assets.xcassets in Resources */,
			);
			runOnlyForDeploymentPostprocessing = 0;
		};
		4AC59CA9294BA70300D44F7B /* Resources */ = {
			isa = PBXResourcesBuildPhase;
			buildActionMask = 2147483647;
			files = (
			);
			runOnlyForDeploymentPostprocessing = 0;
		};
		4AC59CB3294BA70300D44F7B /* Resources */ = {
			isa = PBXResourcesBuildPhase;
			buildActionMask = 2147483647;
			files = (
			);
			runOnlyForDeploymentPostprocessing = 0;
		};
/* End PBXResourcesBuildPhase section */

/* Begin PBXSourcesBuildPhase section */
		4AC59C97294BA6FD00D44F7B /* Sources */ = {
			isa = PBXSourcesBuildPhase;
			buildActionMask = 2147483647;
			files = (
				4AC59CCF294BA7B700D44F7B /* NickNameView.swift in Sources */,
				4AC59CCB294BA79F00D44F7B /* UserStats.swift in Sources */,
				4AC59CD3294BA7D100D44F7B /* SecretClient.swift in Sources */,
				4AC59CD7294BA7E500D44F7B /* NumberView.swift in Sources */,
				4AC59CD5294BA7DC00D44F7B /* NumberClient.swift in Sources */,
				4AC59CCD294BA7AA00D44F7B /* StatsView.swift in Sources */,
				4AC59CD1294BA7C400D44F7B /* NumberStore.swift in Sources */,
				4AC59CC9294BA78A00D44F7B /* MainContainerView.swift in Sources */,
				4AC59C9F294BA6FD00D44F7B /* SimpleStateTrackingApp.swift in Sources */,
			);
			runOnlyForDeploymentPostprocessing = 0;
		};
		4AC59CA7294BA70300D44F7B /* Sources */ = {
			isa = PBXSourcesBuildPhase;
			buildActionMask = 2147483647;
			files = (
				4AC59CB0294BA70300D44F7B /* SimpleStateTrackingTests.swift in Sources */,
			);
			runOnlyForDeploymentPostprocessing = 0;
		};
		4AC59CB1294BA70300D44F7B /* Sources */ = {
			isa = PBXSourcesBuildPhase;
			buildActionMask = 2147483647;
			files = (
				4AC59CBA294BA70300D44F7B /* SimpleStateTrackingUITests.swift in Sources */,
				4AC59CBC294BA70300D44F7B /* SimpleStateTrackingUITestsLaunchTests.swift in Sources */,
			);
			runOnlyForDeploymentPostprocessing = 0;
		};
/* End PBXSourcesBuildPhase section */

/* Begin PBXTargetDependency section */
		4AC59CAD294BA70300D44F7B /* PBXTargetDependency */ = {
			isa = PBXTargetDependency;
			target = 4AC59C9A294BA6FD00D44F7B /* SimpleStateTracking */;
			targetProxy = 4AC59CAC294BA70300D44F7B /* PBXContainerItemProxy */;
		};
		4AC59CB7294BA70300D44F7B /* PBXTargetDependency */ = {
			isa = PBXTargetDependency;
			target = 4AC59C9A294BA6FD00D44F7B /* SimpleStateTracking */;
			targetProxy = 4AC59CB6294BA70300D44F7B /* PBXContainerItemProxy */;
		};
/* End PBXTargetDependency section */

/* Begin XCBuildConfiguration section */
		4AC59CBD294BA70300D44F7B /* Debug */ = {
			isa = XCBuildConfiguration;
			buildSettings = {
				ALWAYS_SEARCH_USER_PATHS = NO;
				CLANG_ANALYZER_NONNULL = YES;
				CLANG_ANALYZER_NUMBER_OBJECT_CONVERSION = YES_AGGRESSIVE;
				CLANG_CXX_LANGUAGE_STANDARD = "gnu++20";
				CLANG_ENABLE_MODULES = YES;
				CLANG_ENABLE_OBJC_ARC = YES;
				CLANG_ENABLE_OBJC_WEAK = YES;
				CLANG_WARN_BLOCK_CAPTURE_AUTORELEASING = YES;
				CLANG_WARN_BOOL_CONVERSION = YES;
				CLANG_WARN_COMMA = YES;
				CLANG_WARN_CONSTANT_CONVERSION = YES;
				CLANG_WARN_DEPRECATED_OBJC_IMPLEMENTATIONS = YES;
				CLANG_WARN_DIRECT_OBJC_ISA_USAGE = YES_ERROR;
				CLANG_WARN_DOCUMENTATION_COMMENTS = YES;
				CLANG_WARN_EMPTY_BODY = YES;
				CLANG_WARN_ENUM_CONVERSION = YES;
				CLANG_WARN_INFINITE_RECURSION = YES;
				CLANG_WARN_INT_CONVERSION = YES;
				CLANG_WARN_NON_LITERAL_NULL_CONVERSION = YES;
				CLANG_WARN_OBJC_IMPLICIT_RETAIN_SELF = YES;
				CLANG_WARN_OBJC_LITERAL_CONVERSION = YES;
				CLANG_WARN_OBJC_ROOT_CLASS = YES_ERROR;
				CLANG_WARN_QUOTED_INCLUDE_IN_FRAMEWORK_HEADER = YES;
				CLANG_WARN_RANGE_LOOP_ANALYSIS = YES;
				CLANG_WARN_STRICT_PROTOTYPES = YES;
				CLANG_WARN_SUSPICIOUS_MOVE = YES;
				CLANG_WARN_UNGUARDED_AVAILABILITY = YES_AGGRESSIVE;
				CLANG_WARN_UNREACHABLE_CODE = YES;
				CLANG_WARN__DUPLICATE_METHOD_MATCH = YES;
				COPY_PHASE_STRIP = NO;
				DEBUG_INFORMATION_FORMAT = dwarf;
				ENABLE_STRICT_OBJC_MSGSEND = YES;
				ENABLE_TESTABILITY = YES;
				GCC_C_LANGUAGE_STANDARD = gnu11;
				GCC_DYNAMIC_NO_PIC = NO;
				GCC_NO_COMMON_BLOCKS = YES;
				GCC_OPTIMIZATION_LEVEL = 0;
				GCC_PREPROCESSOR_DEFINITIONS = (
					"DEBUG=1",
					"$(inherited)",
				);
				GCC_WARN_64_TO_32_BIT_CONVERSION = YES;
				GCC_WARN_ABOUT_RETURN_TYPE = YES_ERROR;
				GCC_WARN_UNDECLARED_SELECTOR = YES;
				GCC_WARN_UNINITIALIZED_AUTOS = YES_AGGRESSIVE;
				GCC_WARN_UNUSED_FUNCTION = YES;
				GCC_WARN_UNUSED_VARIABLE = YES;
				IPHONEOS_DEPLOYMENT_TARGET = 16.0;
				MTL_ENABLE_DEBUG_INFO = INCLUDE_SOURCE;
				MTL_FAST_MATH = YES;
				ONLY_ACTIVE_ARCH = YES;
				SDKROOT = iphoneos;
				SWIFT_ACTIVE_COMPILATION_CONDITIONS = DEBUG;
				SWIFT_OPTIMIZATION_LEVEL = "-Onone";
			};
			name = Debug;
		};
		4AC59CBE294BA70300D44F7B /* Release */ = {
			isa = XCBuildConfiguration;
			buildSettings = {
				ALWAYS_SEARCH_USER_PATHS = NO;
				CLANG_ANALYZER_NONNULL = YES;
				CLANG_ANALYZER_NUMBER_OBJECT_CONVERSION = YES_AGGRESSIVE;
				CLANG_CXX_LANGUAGE_STANDARD = "gnu++20";
				CLANG_ENABLE_MODULES = YES;
				CLANG_ENABLE_OBJC_ARC = YES;
				CLANG_ENABLE_OBJC_WEAK = YES;
				CLANG_WARN_BLOCK_CAPTURE_AUTORELEASING = YES;
				CLANG_WARN_BOOL_CONVERSION = YES;
				CLANG_WARN_COMMA = YES;
				CLANG_WARN_CONSTANT_CONVERSION = YES;
				CLANG_WARN_DEPRECATED_OBJC_IMPLEMENTATIONS = YES;
				CLANG_WARN_DIRECT_OBJC_ISA_USAGE = YES_ERROR;
				CLANG_WARN_DOCUMENTATION_COMMENTS = YES;
				CLANG_WARN_EMPTY_BODY = YES;
				CLANG_WARN_ENUM_CONVERSION = YES;
				CLANG_WARN_INFINITE_RECURSION = YES;
				CLANG_WARN_INT_CONVERSION = YES;
				CLANG_WARN_NON_LITERAL_NULL_CONVERSION = YES;
				CLANG_WARN_OBJC_IMPLICIT_RETAIN_SELF = YES;
				CLANG_WARN_OBJC_LITERAL_CONVERSION = YES;
				CLANG_WARN_OBJC_ROOT_CLASS = YES_ERROR;
				CLANG_WARN_QUOTED_INCLUDE_IN_FRAMEWORK_HEADER = YES;
				CLANG_WARN_RANGE_LOOP_ANALYSIS = YES;
				CLANG_WARN_STRICT_PROTOTYPES = YES;
				CLANG_WARN_SUSPICIOUS_MOVE = YES;
				CLANG_WARN_UNGUARDED_AVAILABILITY = YES_AGGRESSIVE;
				CLANG_WARN_UNREACHABLE_CODE = YES;
				CLANG_WARN__DUPLICATE_METHOD_MATCH = YES;
				COPY_PHASE_STRIP = NO;
				DEBUG_INFORMATION_FORMAT = "dwarf-with-dsym";
				ENABLE_NS_ASSERTIONS = NO;
				ENABLE_STRICT_OBJC_MSGSEND = YES;
				GCC_C_LANGUAGE_STANDARD = gnu11;
				GCC_NO_COMMON_BLOCKS = YES;
				GCC_WARN_64_TO_32_BIT_CONVERSION = YES;
				GCC_WARN_ABOUT_RETURN_TYPE = YES_ERROR;
				GCC_WARN_UNDECLARED_SELECTOR = YES;
				GCC_WARN_UNINITIALIZED_AUTOS = YES_AGGRESSIVE;
				GCC_WARN_UNUSED_FUNCTION = YES;
				GCC_WARN_UNUSED_VARIABLE = YES;
				IPHONEOS_DEPLOYMENT_TARGET = 16.0;
				MTL_ENABLE_DEBUG_INFO = NO;
				MTL_FAST_MATH = YES;
				SDKROOT = iphoneos;
				SWIFT_COMPILATION_MODE = wholemodule;
				SWIFT_OPTIMIZATION_LEVEL = "-O";
				VALIDATE_PRODUCT = YES;
			};
			name = Release;
		};
		4AC59CC0294BA70300D44F7B /* Debug */ = {
			isa = XCBuildConfiguration;
			buildSettings = {
				ASSETCATALOG_COMPILER_APPICON_NAME = AppIcon;
				ASSETCATALOG_COMPILER_GLOBAL_ACCENT_COLOR_NAME = AccentColor;
				CODE_SIGN_STYLE = Automatic;
				CURRENT_PROJECT_VERSION = 1;
				DEVELOPMENT_ASSET_PATHS = "\"SimpleStateTracking/Preview Content\"";
				DEVELOPMENT_TEAM = Q8WPW9BZ33;
				ENABLE_PREVIEWS = YES;
				GENERATE_INFOPLIST_FILE = YES;
				INFOPLIST_FILE = SimpleStateTracking/Info.plist;
				INFOPLIST_KEY_UIApplicationSceneManifest_Generation = YES;
				INFOPLIST_KEY_UIApplicationSupportsIndirectInputEvents = YES;
				INFOPLIST_KEY_UILaunchScreen_Generation = YES;
				INFOPLIST_KEY_UISupportedInterfaceOrientations_iPad = "UIInterfaceOrientationPortrait UIInterfaceOrientationPortraitUpsideDown UIInterfaceOrientationLandscapeLeft UIInterfaceOrientationLandscapeRight";
				INFOPLIST_KEY_UISupportedInterfaceOrientations_iPhone = "UIInterfaceOrientationPortrait UIInterfaceOrientationLandscapeLeft UIInterfaceOrientationLandscapeRight";
				LD_RUNPATH_SEARCH_PATHS = (
					"$(inherited)",
					"@executable_path/Frameworks",
				);
				MARKETING_VERSION = 1.0;
				PRODUCT_BUNDLE_IDENTIFIER = com.gergusa04.SimpleStateTracking;
				PRODUCT_NAME = "$(TARGET_NAME)";
				SWIFT_EMIT_LOC_STRINGS = YES;
				SWIFT_VERSION = 5.0;
				TARGETED_DEVICE_FAMILY = "1,2";
			};
			name = Debug;
		};
		4AC59CC1294BA70300D44F7B /* Release */ = {
			isa = XCBuildConfiguration;
			buildSettings = {
				ASSETCATALOG_COMPILER_APPICON_NAME = AppIcon;
				ASSETCATALOG_COMPILER_GLOBAL_ACCENT_COLOR_NAME = AccentColor;
				CODE_SIGN_STYLE = Automatic;
				CURRENT_PROJECT_VERSION = 1;
				DEVELOPMENT_ASSET_PATHS = "\"SimpleStateTracking/Preview Content\"";
				DEVELOPMENT_TEAM = Q8WPW9BZ33;
				ENABLE_PREVIEWS = YES;
				GENERATE_INFOPLIST_FILE = YES;
				INFOPLIST_FILE = SimpleStateTracking/Info.plist;
				INFOPLIST_KEY_UIApplicationSceneManifest_Generation = YES;
				INFOPLIST_KEY_UIApplicationSupportsIndirectInputEvents = YES;
				INFOPLIST_KEY_UILaunchScreen_Generation = YES;
				INFOPLIST_KEY_UISupportedInterfaceOrientations_iPad = "UIInterfaceOrientationPortrait UIInterfaceOrientationPortraitUpsideDown UIInterfaceOrientationLandscapeLeft UIInterfaceOrientationLandscapeRight";
				INFOPLIST_KEY_UISupportedInterfaceOrientations_iPhone = "UIInterfaceOrientationPortrait UIInterfaceOrientationLandscapeLeft UIInterfaceOrientationLandscapeRight";
				LD_RUNPATH_SEARCH_PATHS = (
					"$(inherited)",
					"@executable_path/Frameworks",
				);
				MARKETING_VERSION = 1.0;
				PRODUCT_BUNDLE_IDENTIFIER = com.gergusa04.SimpleStateTracking;
				PRODUCT_NAME = "$(TARGET_NAME)";
				SWIFT_EMIT_LOC_STRINGS = YES;
				SWIFT_VERSION = 5.0;
				TARGETED_DEVICE_FAMILY = "1,2";
			};
			name = Release;
		};
		4AC59CC3294BA70300D44F7B /* Debug */ = {
			isa = XCBuildConfiguration;
			buildSettings = {
				ALWAYS_EMBED_SWIFT_STANDARD_LIBRARIES = YES;
				BUNDLE_LOADER = "$(TEST_HOST)";
				CODE_SIGN_STYLE = Automatic;
				CURRENT_PROJECT_VERSION = 1;
				DEVELOPMENT_TEAM = Q8WPW9BZ33;
				GENERATE_INFOPLIST_FILE = YES;
				IPHONEOS_DEPLOYMENT_TARGET = 16.0;
				MARKETING_VERSION = 1.0;
				PRODUCT_BUNDLE_IDENTIFIER = com.gergusa04.SimpleStateTrackingTests;
				PRODUCT_NAME = "$(TARGET_NAME)";
				SWIFT_EMIT_LOC_STRINGS = NO;
				SWIFT_VERSION = 5.0;
				TARGETED_DEVICE_FAMILY = "1,2";
				TEST_HOST = "$(BUILT_PRODUCTS_DIR)/SimpleStateTracking.app/$(BUNDLE_EXECUTABLE_FOLDER_PATH)/SimpleStateTracking";
			};
			name = Debug;
		};
		4AC59CC4294BA70300D44F7B /* Release */ = {
			isa = XCBuildConfiguration;
			buildSettings = {
				ALWAYS_EMBED_SWIFT_STANDARD_LIBRARIES = YES;
				BUNDLE_LOADER = "$(TEST_HOST)";
				CODE_SIGN_STYLE = Automatic;
				CURRENT_PROJECT_VERSION = 1;
				DEVELOPMENT_TEAM = Q8WPW9BZ33;
				GENERATE_INFOPLIST_FILE = YES;
				IPHONEOS_DEPLOYMENT_TARGET = 16.0;
				MARKETING_VERSION = 1.0;
				PRODUCT_BUNDLE_IDENTIFIER = com.gergusa04.SimpleStateTrackingTests;
				PRODUCT_NAME = "$(TARGET_NAME)";
				SWIFT_EMIT_LOC_STRINGS = NO;
				SWIFT_VERSION = 5.0;
				TARGETED_DEVICE_FAMILY = "1,2";
				TEST_HOST = "$(BUILT_PRODUCTS_DIR)/SimpleStateTracking.app/$(BUNDLE_EXECUTABLE_FOLDER_PATH)/SimpleStateTracking";
			};
			name = Release;
		};
		4AC59CC6294BA70300D44F7B /* Debug */ = {
			isa = XCBuildConfiguration;
			buildSettings = {
				ALWAYS_EMBED_SWIFT_STANDARD_LIBRARIES = YES;
				CODE_SIGN_STYLE = Automatic;
				CURRENT_PROJECT_VERSION = 1;
				DEVELOPMENT_TEAM = Q8WPW9BZ33;
				GENERATE_INFOPLIST_FILE = YES;
				MARKETING_VERSION = 1.0;
				PRODUCT_BUNDLE_IDENTIFIER = com.gergusa04.SimpleStateTrackingUITests;
				PRODUCT_NAME = "$(TARGET_NAME)";
				SWIFT_EMIT_LOC_STRINGS = NO;
				SWIFT_VERSION = 5.0;
				TARGETED_DEVICE_FAMILY = "1,2";
				TEST_TARGET_NAME = SimpleStateTracking;
			};
			name = Debug;
		};
		4AC59CC7294BA70300D44F7B /* Release */ = {
			isa = XCBuildConfiguration;
			buildSettings = {
				ALWAYS_EMBED_SWIFT_STANDARD_LIBRARIES = YES;
				CODE_SIGN_STYLE = Automatic;
				CURRENT_PROJECT_VERSION = 1;
				DEVELOPMENT_TEAM = Q8WPW9BZ33;
				GENERATE_INFOPLIST_FILE = YES;
				MARKETING_VERSION = 1.0;
				PRODUCT_BUNDLE_IDENTIFIER = com.gergusa04.SimpleStateTrackingUITests;
				PRODUCT_NAME = "$(TARGET_NAME)";
				SWIFT_EMIT_LOC_STRINGS = NO;
				SWIFT_VERSION = 5.0;
				TARGETED_DEVICE_FAMILY = "1,2";
				TEST_TARGET_NAME = SimpleStateTracking;
			};
			name = Release;
		};
/* End XCBuildConfiguration section */

/* Begin XCConfigurationList section */
		4AC59C96294BA6FD00D44F7B /* Build configuration list for PBXProject "SimpleStateTracking" */ = {
			isa = XCConfigurationList;
			buildConfigurations = (
				4AC59CBD294BA70300D44F7B /* Debug */,
				4AC59CBE294BA70300D44F7B /* Release */,
			);
			defaultConfigurationIsVisible = 0;
			defaultConfigurationName = Release;
		};
		4AC59CBF294BA70300D44F7B /* Build configuration list for PBXNativeTarget "SimpleStateTracking" */ = {
			isa = XCConfigurationList;
			buildConfigurations = (
				4AC59CC0294BA70300D44F7B /* Debug */,
				4AC59CC1294BA70300D44F7B /* Release */,
			);
			defaultConfigurationIsVisible = 0;
			defaultConfigurationName = Release;
		};
		4AC59CC2294BA70300D44F7B /* Build configuration list for PBXNativeTarget "SimpleStateTrackingTests" */ = {
			isa = XCConfigurationList;
			buildConfigurations = (
				4AC59CC3294BA70300D44F7B /* Debug */,
				4AC59CC4294BA70300D44F7B /* Release */,
			);
			defaultConfigurationIsVisible = 0;
			defaultConfigurationName = Release;
		};
		4AC59CC5294BA70300D44F7B /* Build configuration list for PBXNativeTarget "SimpleStateTrackingUITests" */ = {
			isa = XCConfigurationList;
			buildConfigurations = (
				4AC59CC6294BA70300D44F7B /* Debug */,
				4AC59CC7294BA70300D44F7B /* Release */,
			);
			defaultConfigurationIsVisible = 0;
			defaultConfigurationName = Release;
		};
/* End XCConfigurationList section */

/* Begin XCRemoteSwiftPackageReference section */
		4AC59CDA294BA86300D44F7B /* XCRemoteSwiftPackageReference "swift-composable-architecture" */ = {
			isa = XCRemoteSwiftPackageReference;
			repositoryURL = "https://github.com/pointfreeco/swift-composable-architecture";
			requirement = {
				branch = main;
				kind = branch;
			};
		};
/* End XCRemoteSwiftPackageReference section */

/* Begin XCSwiftPackageProductDependency section */
		4AC59CDB294BA86300D44F7B /* ComposableArchitecture */ = {
			isa = XCSwiftPackageProductDependency;
			package = 4AC59CDA294BA86300D44F7B /* XCRemoteSwiftPackageReference "swift-composable-architecture" */;
			productName = ComposableArchitecture;
		};
		4AC59CDD294BA86300D44F7B /* Dependencies */ = {
			isa = XCSwiftPackageProductDependency;
			package = 4AC59CDA294BA86300D44F7B /* XCRemoteSwiftPackageReference "swift-composable-architecture" */;
			productName = Dependencies;
		};
/* End XCSwiftPackageProductDependency section */
	};
	rootObject = 4AC59C93294BA6FD00D44F7B /* Project object */;
}
